langcode: en
status: true
dependencies:
  module:
    - d324_copyright_block
  theme:
    - d324theme
id: d324developercopyrightblock
theme: d324theme
region: footer
weight: 0
provider: null
plugin: d324_developer_copyright_block
settings:
  id: d324_developer_copyright_block
  label: 'D324 Developer Copyright block'
  provider: d324_copyright_block
  label_display: ''
  d324_copyright_block_developer_name: 'T324'
  d324_copyright_block_developer_url: 'https://www.t324.com'
visibility: {  }
